
Microsoft Visual Studio Solution File, Format Version 12.00
# Visual Studio 15
VisualStudioVersion = 15.0.27421.1
MinimumVisualStudioVersion = 10.0.40219.1
Project("{FAE04EC0-301F-11D3-BF4B-00C04F79EFBC}") = "GoedeDoelenHelpen", "GoedeDoelenHelpen\GoedeDoelenHelpen.csproj", "{D7F285C2-348F-45CB-9070-4F09821A68B1}"
EndProject
Global
	GlobalSection(SolutionConfigurationPlatforms) = preSolution
		Debug|Any CPU = Debug|Any CPU
		Release|Any CPU = Release|Any CPU
	EndGlobalSection
	GlobalSection(ProjectConfigurationPlatforms) = postSolution
		{D7F285C2-348F-45CB-9070-4F09821A68B1}.Debug|Any CPU.ActiveCfg = Debug|Any CPU
		{D7F285C2-348F-45CB-9070-4F09821A68B1}.Debug|Any CPU.Build.0 = Debug|Any CPU
		{D7F285C2-348F-45CB-9070-4F09821A68B1}.Release|Any CPU.ActiveCfg = Release|Any CPU
		{D7F285C2-348F-45CB-9070-4F09821A68B1}.Release|Any CPU.Build.0 = Release|Any CPU
	EndGlobalSection
	GlobalSection(SolutionProperties) = preSolution
		HideSolutionNode = FALSE
	EndGlobalSection
	GlobalSection(ExtensibilityGlobals) = postSolution
		SolutionGuid = {B4C39DB7-1B2A-4B5C-AE48-360CA44E68C6}
	EndGlobalSection
EndGlobal
